{
  "name": "cloudflare-dns-updater",
  "version": "1.0.0",
  "lockfileVersion": 3,
  "requires": true,
  "packages": {
    "": {
      "name": "cloudflare-dns-updater",
      "version": "1.0.0",
      "license": "MIT",
      "dependencies": {
        "docopt": "^0.6.2"
      }
    },
    "node_modules/docopt": {
      "version": "0.6.2",
      "resolved": "https://registry.npmjs.org/docopt/-/docopt-0.6.2.tgz",
      "integrity": "sha512-NqTbaYeE4gA/wU1hdKFdU+AFahpDOpgGLzHP42k6H6DKExJd0A55KEVWYhL9FEmHmgeLvEU2vuKXDuU+4yToOw==",
      "engines": {
        "node": ">=0.10.0"
      }
    }
  }
}
